
Microsoft Visual Studio Solution File, Format Version 12.00
# Visual Studio Version 17
VisualStudioVersion = 17.7.34018.315
MinimumVisualStudioVersion = 10.0.40219.1
Project("{9A19103F-16F7-4668-BE54-9A1E7A4F7556}") = "AIChat.Server", "Server\AIChat.Server.csproj", "{19DC7E3C-76F0-406C-AF6A-51F21743EE3E}"
EndProject
Project("{9A19103F-16F7-4668-BE54-9A1E7A4F7556}") = "AIChat.Client", "Client\AIChat.Client.csproj", "{1859C851-62AC-4D87-B0F1-349FBBA21F34}"
EndProject
Global
	GlobalSection(SolutionConfigurationPlatforms) = preSolution
		Debug|Any CPU = Debug|Any CPU
		Release|Any CPU = Release|Any CPU
	EndGlobalSection
	GlobalSection(ProjectConfigurationPlatforms) = postSolution
		{19DC7E3C-76F0-406C-AF6A-51F21743EE3E}.Debug|Any CPU.ActiveCfg = Debug|Any CPU
		{19DC7E3C-76F0-406C-AF6A-51F21743EE3E}.Debug|Any CPU.Build.0 = Debug|Any CPU
		{19DC7E3C-76F0-406C-AF6A-51F21743EE3E}.Release|Any CPU.ActiveCfg = Release|Any CPU
		{19DC7E3C-76F0-406C-AF6A-51F21743EE3E}.Release|Any CPU.Build.0 = Release|Any CPU
		{1859C851-62AC-4D87-B0F1-349FBBA21F34}.Debug|Any CPU.ActiveCfg = Debug|Any CPU
		{1859C851-62AC-4D87-B0F1-349FBBA21F34}.Debug|Any CPU.Build.0 = Debug|Any CPU
		{1859C851-62AC-4D87-B0F1-349FBBA21F34}.Release|Any CPU.ActiveCfg = Release|Any CPU
		{1859C851-62AC-4D87-B0F1-349FBBA21F34}.Release|Any CPU.Build.0 = Release|Any CPU
	EndGlobalSection
	GlobalSection(SolutionProperties) = preSolution
		HideSolutionNode = FALSE
	EndGlobalSection
	GlobalSection(ExtensibilityGlobals) = postSolution
		SolutionGuid = {D092E838-4857-4A8A-A05C-020A00C81344}
	EndGlobalSection
EndGlobal
